
Microsoft Visual Studio Solution File, Format Version 12.00
# Visual Studio Version 16
VisualStudioVersion = 16.0.30907.101
MinimumVisualStudioVersion = 10.0.40219.1
Project("{9A19103F-16F7-4668-BE54-9A1E7A4F7556}") = "homework9", "homework9.csproj", "{0AFBA4CA-D3B6-4AB1-A704-35B073E82C4D}"
EndProject
Global
	GlobalSection(SolutionConfigurationPlatforms) = preSolution
		Debug|Any CPU = Debug|Any CPU
		Release|Any CPU = Release|Any CPU
	EndGlobalSection
	GlobalSection(ProjectConfigurationPlatforms) = postSolution
		{0AFBA4CA-D3B6-4AB1-A704-35B073E82C4D}.Debug|Any CPU.ActiveCfg = Debug|Any CPU
		{0AFBA4CA-D3B6-4AB1-A704-35B073E82C4D}.Debug|Any CPU.Build.0 = Debug|Any CPU
		{0AFBA4CA-D3B6-4AB1-A704-35B073E82C4D}.Release|Any CPU.ActiveCfg = Release|Any CPU
		{0AFBA4CA-D3B6-4AB1-A704-35B073E82C4D}.Release|Any CPU.Build.0 = Release|Any CPU
	EndGlobalSection
	GlobalSection(SolutionProperties) = preSolution
		HideSolutionNode = FALSE
	EndGlobalSection
	GlobalSection(ExtensibilityGlobals) = postSolution
		SolutionGuid = {1409A537-0F57-4B42-BD65-D87AC059F302}
	EndGlobalSection
EndGlobal
